
Microsoft Visual Studio Solution File, Format Version 12.00
# Visual Studio 15
VisualStudioVersion = 15.0.27130.2010
MinimumVisualStudioVersion = 10.0.40219.1
Project("{FAE04EC0-301F-11D3-BF4B-00C04F79EFBC}") = "Gov.News.Archive.Importer", "Gov.News.Archive.Importer\Gov.News.Archive.Importer.csproj", "{675FB166-9022-49BC-8FF4-107C120E8A11}"
EndProject
Project("{9A19103F-16F7-4668-BE54-9A1E7A4F7556}") = "Gov.News.Archive.Client", "..\Gov.News.Archive.Client\Gov.News.Archive.Client.csproj", "{48F5CD67-0ED6-4436-BFC6-3E69DDF21677}"
EndProject
Global
	GlobalSection(SolutionConfigurationPlatforms) = preSolution
		Debug|Any CPU = Debug|Any CPU
		Release|Any CPU = Release|Any CPU
	EndGlobalSection
	GlobalSection(ProjectConfigurationPlatforms) = postSolution
		{675FB166-9022-49BC-8FF4-107C120E8A11}.Debug|Any CPU.ActiveCfg = Debug|Any CPU
		{675FB166-9022-49BC-8FF4-107C120E8A11}.Debug|Any CPU.Build.0 = Debug|Any CPU
		{675FB166-9022-49BC-8FF4-107C120E8A11}.Release|Any CPU.ActiveCfg = Release|Any CPU
		{675FB166-9022-49BC-8FF4-107C120E8A11}.Release|Any CPU.Build.0 = Release|Any CPU
		{48F5CD67-0ED6-4436-BFC6-3E69DDF21677}.Debug|Any CPU.ActiveCfg = Debug|Any CPU
		{48F5CD67-0ED6-4436-BFC6-3E69DDF21677}.Debug|Any CPU.Build.0 = Debug|Any CPU
		{48F5CD67-0ED6-4436-BFC6-3E69DDF21677}.Release|Any CPU.ActiveCfg = Release|Any CPU
		{48F5CD67-0ED6-4436-BFC6-3E69DDF21677}.Release|Any CPU.Build.0 = Release|Any CPU
	EndGlobalSection
	GlobalSection(SolutionProperties) = preSolution
		HideSolutionNode = FALSE
	EndGlobalSection
	GlobalSection(ExtensibilityGlobals) = postSolution
		SolutionGuid = {DA6563BF-9A49-4E0A-BAF8-81962EFE3B82}
	EndGlobalSection
EndGlobal
