{
  "name": "gcpe-news-api-client-master",
  "version": "1.0.0",
  "lockfileVersion": 1,
  "requires": true,
  "dependencies": {
    "autorest": {
      "version": "2.0.4215",
      "resolved": "https://registry.npmjs.org/autorest/-/autorest-2.0.4215.tgz",
      "integrity": "sha512-T7JTJPyTo/8K6uhFFEFMpUJwkA+1sMTP3wkrgU4bMhIjb0IhbWuuabA18DKkyTxvJH2GHu1T/c26pPMQRUELPg=="
    }
  }
}
